// !$*UTF8*$!
{
	archiveVersion = 1;
	classes = {
	};
	objectVersion = 46;
	objects = {

/* Begin PBXBuildFile section */
		3B2EF903184833C0000080E0 /* FSM+Util.m in Sources */ = {isa = PBXBuildFile; fileRef = 3B2EF9001847A4CF000080E0 /* FSM+Util.m */; };
		3B2EF904184833C0000080E0 /* FSM.m in Sources */ = {isa = PBXBuildFile; fileRef = 3B6537171845B002008AD9C4 /* FSM.m */; };
		3B2EF90718483A63000080E0 /* NewCardTable.m in Sources */ = {isa = PBXBuildFile; fileRef = 3B2EF90618483A63000080E0 /* NewCardTable.m */; };
		3B2EF90A18483CE4000080E0 /* NewCardTable+Layout.m in Sources */ = {isa = PBXBuildFile; fileRef = 3B2EF90918483CE4000080E0 /* NewCardTable+Layout.m */; };
		3B6537151845A6B5008AD9C4 /* Images.xcassets in Resources */ = {isa = PBXBuildFile; fileRef = 3B6537141845A6B5008AD9C4 /* Images.xcassets */; };
		3BB2E574184435CA00A9F6F7 /* Foundation.framework in Frameworks */ = {isa = PBXBuildFile; fileRef = 3BB2E573184435CA00A9F6F7 /* Foundation.framework */; };
		3BB2E576184435CA00A9F6F7 /* CoreGraphics.framework in Frameworks */ = {isa = PBXBuildFile; fileRef = 3BB2E575184435CA00A9F6F7 /* CoreGraphics.framework */; };
		3BB2E578184435CA00A9F6F7 /* UIKit.framework in Frameworks */ = {isa = PBXBuildFile; fileRef = 3BB2E577184435CA00A9F6F7 /* UIKit.framework */; };
		3BB2E57A184435CA00A9F6F7 /* SpriteKit.framework in Frameworks */ = {isa = PBXBuildFile; fileRef = 3BB2E579184435CA00A9F6F7 /* SpriteKit.framework */; };
		3BB2E580184435CA00A9F6F7 /* InfoPlist.strings in Resources */ = {isa = PBXBuildFile; fileRef = 3BB2E57E184435CA00A9F6F7 /* InfoPlist.strings */; };
		3BB2E582184435CA00A9F6F7 /* main.m in Sources */ = {isa = PBXBuildFile; fileRef = 3BB2E581184435CA00A9F6F7 /* main.m */; };
		3BB2E586184435CA00A9F6F7 /* AppDelegate.m in Sources */ = {isa = PBXBuildFile; fileRef = 3BB2E585184435CA00A9F6F7 /* AppDelegate.m */; };
		3BB2E589184435CA00A9F6F7 /* Main_iPhone.storyboard in Resources */ = {isa = PBXBuildFile; fileRef = 3BB2E587184435CA00A9F6F7 /* Main_iPhone.storyboard */; };
		3BB2E58C184435CA00A9F6F7 /* Main_iPad.storyboard in Resources */ = {isa = PBXBuildFile; fileRef = 3BB2E58A184435CA00A9F6F7 /* Main_iPad.storyboard */; };
		3BB2E58F184435CA00A9F6F7 /* ViewController.m in Sources */ = {isa = PBXBuildFile; fileRef = 3BB2E58E184435CA00A9F6F7 /* ViewController.m */; };
		3BB2E59D184435CA00A9F6F7 /* XCTest.framework in Frameworks */ = {isa = PBXBuildFile; fileRef = 3BB2E59C184435CA00A9F6F7 /* XCTest.framework */; };
		3BB2E59E184435CA00A9F6F7 /* Foundation.framework in Frameworks */ = {isa = PBXBuildFile; fileRef = 3BB2E573184435CA00A9F6F7 /* Foundation.framework */; };
		3BB2E59F184435CA00A9F6F7 /* UIKit.framework in Frameworks */ = {isa = PBXBuildFile; fileRef = 3BB2E577184435CA00A9F6F7 /* UIKit.framework */; };
		3BB2E5A7184435CA00A9F6F7 /* InfoPlist.strings in Resources */ = {isa = PBXBuildFile; fileRef = 3BB2E5A5184435CA00A9F6F7 /* InfoPlist.strings */; };
		3BB2E5A9184435CA00A9F6F7 /* GameOfWarTests.m in Sources */ = {isa = PBXBuildFile; fileRef = 3BB2E5A8184435CA00A9F6F7 /* GameOfWarTests.m */; };
		3BB2E5C6184437F200A9F6F7 /* CardImages.xcassets in Resources */ = {isa = PBXBuildFile; fileRef = 3BB2E5BB184437F200A9F6F7 /* CardImages.xcassets */; };
		3BB2E5C8184437F200A9F6F7 /* Button.m in Sources */ = {isa = PBXBuildFile; fileRef = 3BB2E5BD184437F200A9F6F7 /* Button.m */; };
		3BB2E5C9184437F200A9F6F7 /* CardClass.m in Sources */ = {isa = PBXBuildFile; fileRef = 3BB2E5BE184437F200A9F6F7 /* CardClass.m */; };
		3BB2E5CA184437F200A9F6F7 /* CardsClass.m in Sources */ = {isa = PBXBuildFile; fileRef = 3BB2E5BF184437F200A9F6F7 /* CardsClass.m */; };
		3BB2E5CB184437F200A9F6F7 /* CardTable.m in Sources */ = {isa = PBXBuildFile; fileRef = 3BB2E5C0184437F200A9F6F7 /* CardTable.m */; };
		3BB2E5CC184437F200A9F6F7 /* CardTable+Layout.m in Sources */ = {isa = PBXBuildFile; fileRef = 3BB2E5C1184437F200A9F6F7 /* CardTable+Layout.m */; };
		3BB2E5CD184437F200A9F6F7 /* DeckClass.m in Sources */ = {isa = PBXBuildFile; fileRef = 3BB2E5C2184437F200A9F6F7 /* DeckClass.m */; };
		3BB2E5CE184437F200A9F6F7 /* GamePlay.m in Sources */ = {isa = PBXBuildFile; fileRef = 3BB2E5C3184437F200A9F6F7 /* GamePlay.m */; };
		3BB2E5CF184437F200A9F6F7 /* Player.m in Sources */ = {isa = PBXBuildFile; fileRef = 3BB2E5C4184437F200A9F6F7 /* Player.m */; };
		3BB2E5D0184437F200A9F6F7 /* SuitClass.m in Sources */ = {isa = PBXBuildFile; fileRef = 3BB2E5C5184437F200A9F6F7 /* SuitClass.m */; };
/* End PBXBuildFile section */

/* Begin PBXContainerItemProxy section */
		3BB2E5A0184435CA00A9F6F7 /* PBXContainerItemProxy */ = {
			isa = PBXContainerItemProxy;
			containerPortal = 3BB2E568184435CA00A9F6F7 /* Project object */;
			proxyType = 1;
			remoteGlobalIDString = 3BB2E56F184435CA00A9F6F7;
			remoteInfo = GameOfWar;
		};
/* End PBXContainerItemProxy section */

/* Begin PBXFileReference section */
		3B2EF8FF1847A4CF000080E0 /* FSM+Util.h */ = {isa = PBXFileReference; fileEncoding = 4; lastKnownFileType = sourcecode.c.h; name = "FSM+Util.h"; path = "../FSM+Util.h"; sourceTree = "<group>"; };
		3B2EF9001847A4CF000080E0 /* FSM+Util.m */ = {isa = PBXFileReference; fileEncoding = 4; lastKnownFileType = sourcecode.c.objc; name = "FSM+Util.m"; path = "../FSM+Util.m"; sourceTree = "<group>"; };
		3B2EF90518483A63000080E0 /* NewCardTable.h */ = {isa = PBXFileReference; fileEncoding = 4; lastKnownFileType = sourcecode.c.h; path = NewCardTable.h; sourceTree = "<group>"; };
		3B2EF90618483A63000080E0 /* NewCardTable.m */ = {isa = PBXFileReference; fileEncoding = 4; lastKnownFileType = sourcecode.c.objc; path = NewCardTable.m; sourceTree = "<group>"; };
		3B2EF90818483CE4000080E0 /* NewCardTable+Layout.h */ = {isa = PBXFileReference; fileEncoding = 4; lastKnownFileType = sourcecode.c.h; path = "NewCardTable+Layout.h"; sourceTree = "<group>"; };
		3B2EF90918483CE4000080E0 /* NewCardTable+Layout.m */ = {isa = PBXFileReference; fileEncoding = 4; lastKnownFileType = sourcecode.c.objc; path = "NewCardTable+Layout.m"; sourceTree = "<group>"; };
		3B6537141845A6B5008AD9C4 /* Images.xcassets */ = {isa = PBXFileReference; lastKnownFileType = folder.assetcatalog; path = Images.xcassets; sourceTree = "<group>"; };
		3B6537161845B002008AD9C4 /* FSM.h */ = {isa = PBXFileReference; fileEncoding = 4; lastKnownFileType = sourcecode.c.h; name = FSM.h; path = GameOfWarTests/FSM.h; sourceTree = SOURCE_ROOT; };
		3B6537171845B002008AD9C4 /* FSM.m */ = {isa = PBXFileReference; fileEncoding = 4; lastKnownFileType = sourcecode.c.objc; name = FSM.m; path = GameOfWarTests/FSM.m; sourceTree = SOURCE_ROOT; };
		3BB2E570184435CA00A9F6F7 /* GameOfWar.app */ = {isa = PBXFileReference; explicitFileType = wrapper.application; includeInIndex = 0; path = GameOfWar.app; sourceTree = BUILT_PRODUCTS_DIR; };
		3BB2E573184435CA00A9F6F7 /* Foundation.framework */ = {isa = PBXFileReference; lastKnownFileType = wrapper.framework; name = Foundation.framework; path = System/Library/Frameworks/Foundation.framework; sourceTree = SDKROOT; };
		3BB2E575184435CA00A9F6F7 /* CoreGraphics.framework */ = {isa = PBXFileReference; lastKnownFileType = wrapper.framework; name = CoreGraphics.framework; path = System/Library/Frameworks/CoreGraphics.framework; sourceTree = SDKROOT; };
		3BB2E577184435CA00A9F6F7 /* UIKit.framework */ = {isa = PBXFileReference; lastKnownFileType = wrapper.framework; name = UIKit.framework; path = System/Library/Frameworks/UIKit.framework; sourceTree = SDKROOT; };
		3BB2E579184435CA00A9F6F7 /* SpriteKit.framework */ = {isa = PBXFileReference; lastKnownFileType = wrapper.framework; name = SpriteKit.framework; path = System/Library/Frameworks/SpriteKit.framework; sourceTree = SDKROOT; };
		3BB2E57D184435CA00A9F6F7 /* GameOfWar-Info.plist */ = {isa = PBXFileReference; lastKnownFileType = text.plist.xml; path = "GameOfWar-Info.plist"; sourceTree = "<group>"; };
		3BB2E57F184435CA00A9F6F7 /* en */ = {isa = PBXFileReference; lastKnownFileType = text.plist.strings; name = en; path = en.lproj/InfoPlist.strings; sourceTree = "<group>"; };
		3BB2E581184435CA00A9F6F7 /* main.m */ = {isa = PBXFileReference; lastKnownFileType = sourcecode.c.objc; path = main.m; sourceTree = "<group>"; };
		3BB2E583184435CA00A9F6F7 /* GameOfWar-Prefix.pch */ = {isa = PBXFileReference; lastKnownFileType = sourcecode.c.h; path = "GameOfWar-Prefix.pch"; sourceTree = "<group>"; };
		3BB2E584184435CA00A9F6F7 /* AppDelegate.h */ = {isa = PBXFileReference; lastKnownFileType = sourcecode.c.h; path = AppDelegate.h; sourceTree = "<group>"; };
		3BB2E585184435CA00A9F6F7 /* AppDelegate.m */ = {isa = PBXFileReference; lastKnownFileType = sourcecode.c.objc; path = AppDelegate.m; sourceTree = "<group>"; };
		3BB2E588184435CA00A9F6F7 /* Base */ = {isa = PBXFileReference; lastKnownFileType = file.storyboard; name = Base; path = Base.lproj/Main_iPhone.storyboard; sourceTree = "<group>"; };
		3BB2E58B184435CA00A9F6F7 /* Base */ = {isa = PBXFileReference; lastKnownFileType = file.storyboard; name = Base; path = Base.lproj/Main_iPad.storyboard; sourceTree = "<group>"; };
		3BB2E58D184435CA00A9F6F7 /* ViewController.h */ = {isa = PBXFileReference; lastKnownFileType = sourcecode.c.h; path = ViewController.h; sourceTree = "<group>"; };
		3BB2E58E184435CA00A9F6F7 /* ViewController.m */ = {isa = PBXFileReference; lastKnownFileType = sourcecode.c.objc; path = ViewController.m; sourceTree = "<group>"; };
		3BB2E59B184435CA00A9F6F7 /* GameOfWarTests.xctest */ = {isa = PBXFileReference; explicitFileType = wrapper.cfbundle; includeInIndex = 0; path = GameOfWarTests.xctest; sourceTree = BUILT_PRODUCTS_DIR; };
		3BB2E59C184435CA00A9F6F7 /* XCTest.framework */ = {isa = PBXFileReference; lastKnownFileType = wrapper.framework; name = XCTest.framework; path = Library/Frameworks/XCTest.framework; sourceTree = DEVELOPER_DIR; };
		3BB2E5A4184435CA00A9F6F7 /* GameOfWarTests-Info.plist */ = {isa = PBXFileReference; lastKnownFileType = text.plist.xml; path = "GameOfWarTests-Info.plist"; sourceTree = "<group>"; };
		3BB2E5A6184435CA00A9F6F7 /* en */ = {isa = PBXFileReference; lastKnownFileType = text.plist.strings; name = en; path = en.lproj/InfoPlist.strings; sourceTree = "<group>"; };
		3BB2E5A8184435CA00A9F6F7 /* GameOfWarTests.m */ = {isa = PBXFileReference; lastKnownFileType = sourcecode.c.objc; path = GameOfWarTests.m; sourceTree = "<group>"; };
		3BB2E5B2184437F200A9F6F7 /* Button.h */ = {isa = PBXFileReference; fileEncoding = 4; lastKnownFileType = sourcecode.c.h; path = Button.h; sourceTree = "<group>"; };
		3BB2E5B3184437F200A9F6F7 /* CardClass.h */ = {isa = PBXFileReference; fileEncoding = 4; lastKnownFileType = sourcecode.c.h; path = CardClass.h; sourceTree = "<group>"; };
		3BB2E5B4184437F200A9F6F7 /* CardsClass.h */ = {isa = PBXFileReference; fileEncoding = 4; lastKnownFileType = sourcecode.c.h; path = CardsClass.h; sourceTree = "<group>"; };
		3BB2E5B5184437F200A9F6F7 /* CardTable.h */ = {isa = PBXFileReference; fileEncoding = 4; lastKnownFileType = sourcecode.c.h; path = CardTable.h; sourceTree = "<group>"; };
		3BB2E5B6184437F200A9F6F7 /* CardTable+Layout.h */ = {isa = PBXFileReference; fileEncoding = 4; lastKnownFileType = sourcecode.c.h; path = "CardTable+Layout.h"; sourceTree = "<group>"; };
		3BB2E5B7184437F200A9F6F7 /* DeckClass.h */ = {isa = PBXFileReference; fileEncoding = 4; lastKnownFileType = sourcecode.c.h; path = DeckClass.h; sourceTree = "<group>"; };
		3BB2E5B8184437F200A9F6F7 /* GamePlay.h */ = {isa = PBXFileReference; fileEncoding = 4; lastKnownFileType = sourcecode.c.h; path = GamePlay.h; sourceTree = "<group>"; };
		3BB2E5B9184437F200A9F6F7 /* Player.h */ = {isa = PBXFileReference; fileEncoding = 4; lastKnownFileType = sourcecode.c.h; path = Player.h; sourceTree = "<group>"; };
		3BB2E5BA184437F200A9F6F7 /* SuitClass.h */ = {isa = PBXFileReference; fileEncoding = 4; lastKnownFileType = sourcecode.c.h; path = SuitClass.h; sourceTree = "<group>"; };
		3BB2E5BB184437F200A9F6F7 /* CardImages.xcassets */ = {isa = PBXFileReference; lastKnownFileType = folder.assetcatalog; path = CardImages.xcassets; sourceTree = "<group>"; };
		3BB2E5BD184437F200A9F6F7 /* Button.m */ = {isa = PBXFileReference; fileEncoding = 4; lastKnownFileType = sourcecode.c.objc; path = Button.m; sourceTree = "<group>"; };
		3BB2E5BE184437F200A9F6F7 /* CardClass.m */ = {isa = PBXFileReference; fileEncoding = 4; lastKnownFileType = sourcecode.c.objc; path = CardClass.m; sourceTree = "<group>"; };
		3BB2E5BF184437F200A9F6F7 /* CardsClass.m */ = {isa = PBXFileReference; fileEncoding = 4; lastKnownFileType = sourcecode.c.objc; path = CardsClass.m; sourceTree = "<group>"; };
		3BB2E5C0184437F200A9F6F7 /* CardTable.m */ = {isa = PBXFileReference; fileEncoding = 4; lastKnownFileType = sourcecode.c.objc; path = CardTable.m; sourceTree = "<group>"; };
		3BB2E5C1184437F200A9F6F7 /* CardTable+Layout.m */ = {isa = PBXFileReference; fileEncoding = 4; lastKnownFileType = sourcecode.c.objc; path = "CardTable+Layout.m"; sourceTree = "<group>"; };
		3BB2E5C2184437F200A9F6F7 /* DeckClass.m */ = {isa = PBXFileReference; fileEncoding = 4; lastKnownFileType = sourcecode.c.objc; path = DeckClass.m; sourceTree = "<group>"; };
		3BB2E5C3184437F200A9F6F7 /* GamePlay.m */ = {isa = PBXFileReference; fileEncoding = 4; lastKnownFileType = sourcecode.c.objc; path = GamePlay.m; sourceTree = "<group>"; };
		3BB2E5C4184437F200A9F6F7 /* Player.m */ = {isa = PBXFileReference; fileEncoding = 4; lastKnownFileType = sourcecode.c.objc; path = Player.m; sourceTree = "<group>"; };
		3BB2E5C5184437F200A9F6F7 /* SuitClass.m */ = {isa = PBXFileReference; fileEncoding = 4; lastKnownFileType = sourcecode.c.objc; path = SuitClass.m; sourceTree = "<group>"; };
/* End PBXFileReference section */

/* Begin PBXFrameworksBuildPhase section */
		3BB2E56D184435CA00A9F6F7 /* Frameworks */ = {
			isa = PBXFrameworksBuildPhase;
			buildActionMask = 2147483647;
			files = (
				3BB2E576184435CA00A9F6F7 /* CoreGraphics.framework in Frameworks */,
				3BB2E578184435CA00A9F6F7 /* UIKit.framework in Frameworks */,
				3BB2E57A184435CA00A9F6F7 /* SpriteKit.framework in Frameworks */,
				3BB2E574184435CA00A9F6F7 /* Foundation.framework in Frameworks */,
			);
			runOnlyForDeploymentPostprocessing = 0;
		};
		3BB2E598184435CA00A9F6F7 /* Frameworks */ = {
			isa = PBXFrameworksBuildPhase;
			buildActionMask = 2147483647;
			files = (
				3BB2E59D184435CA00A9F6F7 /* XCTest.framework in Frameworks */,
				3BB2E59F184435CA00A9F6F7 /* UIKit.framework in Frameworks */,
				3BB2E59E184435CA00A9F6F7 /* Foundation.framework in Frameworks */,
			);
			runOnlyForDeploymentPostprocessing = 0;
		};
/* End PBXFrameworksBuildPhase section */

/* Begin PBXGroup section */
		3BB2E567184435CA00A9F6F7 = {
			isa = PBXGroup;
			children = (
				3BB2E57B184435CA00A9F6F7 /* GameOfWar */,
				3BB2E5A2184435CA00A9F6F7 /* GameOfWarTests */,
				3BB2E572184435CA00A9F6F7 /* Frameworks */,
				3BB2E571184435CA00A9F6F7 /* Products */,
			);
			sourceTree = "<group>";
		};
		3BB2E571184435CA00A9F6F7 /* Products */ = {
			isa = PBXGroup;
			children = (
				3BB2E570184435CA00A9F6F7 /* GameOfWar.app */,
				3BB2E59B184435CA00A9F6F7 /* GameOfWarTests.xctest */,
			);
			name = Products;
			sourceTree = "<group>";
		};
		3BB2E572184435CA00A9F6F7 /* Frameworks */ = {
			isa = PBXGroup;
			children = (
				3BB2E573184435CA00A9F6F7 /* Foundation.framework */,
				3BB2E575184435CA00A9F6F7 /* CoreGraphics.framework */,
				3BB2E577184435CA00A9F6F7 /* UIKit.framework */,
				3BB2E579184435CA00A9F6F7 /* SpriteKit.framework */,
				3BB2E59C184435CA00A9F6F7 /* XCTest.framework */,
			);
			name = Frameworks;
			sourceTree = "<group>";
		};
		3BB2E57B184435CA00A9F6F7 /* GameOfWar */ = {
			isa = PBXGroup;
			children = (
				3BB2E584184435CA00A9F6F7 /* AppDelegate.h */,
				3BB2E585184435CA00A9F6F7 /* AppDelegate.m */,
				3BB2E587184435CA00A9F6F7 /* Main_iPhone.storyboard */,
				3BB2E58A184435CA00A9F6F7 /* Main_iPad.storyboard */,
				3BB2E58D184435CA00A9F6F7 /* ViewController.h */,
				3BB2E58E184435CA00A9F6F7 /* ViewController.m */,
				3BB2E5B5184437F200A9F6F7 /* CardTable.h */,
				3BB2E5C0184437F200A9F6F7 /* CardTable.m */,
				3B2EF90518483A63000080E0 /* NewCardTable.h */,
				3B2EF90618483A63000080E0 /* NewCardTable.m */,
				3B2EF90818483CE4000080E0 /* NewCardTable+Layout.h */,
				3B2EF90918483CE4000080E0 /* NewCardTable+Layout.m */,
				3BB2E5B6184437F200A9F6F7 /* CardTable+Layout.h */,
				3BB2E5C1184437F200A9F6F7 /* CardTable+Layout.m */,
				3BB2E5B8184437F200A9F6F7 /* GamePlay.h */,
				3BB2E5C3184437F200A9F6F7 /* GamePlay.m */,
				3BB2E5B3184437F200A9F6F7 /* CardClass.h */,
				3BB2E5BE184437F200A9F6F7 /* CardClass.m */,
				3BB2E5B4184437F200A9F6F7 /* CardsClass.h */,
				3BB2E5BF184437F200A9F6F7 /* CardsClass.m */,
				3BB2E5B7184437F200A9F6F7 /* DeckClass.h */,
				3BB2E5C2184437F200A9F6F7 /* DeckClass.m */,
				3BB2E5B9184437F200A9F6F7 /* Player.h */,
				3BB2E5C4184437F200A9F6F7 /* Player.m */,
				3BB2E5BA184437F200A9F6F7 /* SuitClass.h */,
				3BB2E5C5184437F200A9F6F7 /* SuitClass.m */,
				3BB2E5B2184437F200A9F6F7 /* Button.h */,
				3BB2E5BD184437F200A9F6F7 /* Button.m */,
				3B2EF8FF1847A4CF000080E0 /* FSM+Util.h */,
				3B2EF9001847A4CF000080E0 /* FSM+Util.m */,
				3B6537161845B002008AD9C4 /* FSM.h */,
				3B6537171845B002008AD9C4 /* FSM.m */,
				3BB2E5BB184437F200A9F6F7 /* CardImages.xcassets */,
				3B6537141845A6B5008AD9C4 /* Images.xcassets */,
				3BB2E57C184435CA00A9F6F7 /* Supporting Files */,
			);
			path = GameOfWar;
			sourceTree = "<group>";
		};
		3BB2E57C184435CA00A9F6F7 /* Supporting Files */ = {
			isa = PBXGroup;
			children = (
				3BB2E57D184435CA00A9F6F7 /* GameOfWar-Info.plist */,
				3BB2E57E184435CA00A9F6F7 /* InfoPlist.strings */,
				3BB2E581184435CA00A9F6F7 /* main.m */,
				3BB2E583184435CA00A9F6F7 /* GameOfWar-Prefix.pch */,
			);
			name = "Supporting Files";
			sourceTree = "<group>";
		};
		3BB2E5A2184435CA00A9F6F7 /* GameOfWarTests */ = {
			isa = PBXGroup;
			children = (
				3BB2E5A8184435CA00A9F6F7 /* GameOfWarTests.m */,
				3BB2E5A3184435CA00A9F6F7 /* Supporting Files */,
			);
			path = GameOfWarTests;
			sourceTree = "<group>";
		};
		3BB2E5A3184435CA00A9F6F7 /* Supporting Files */ = {
			isa = PBXGroup;
			children = (
				3BB2E5A4184435CA00A9F6F7 /* GameOfWarTests-Info.plist */,
				3BB2E5A5184435CA00A9F6F7 /* InfoPlist.strings */,
			);
			name = "Supporting Files";
			sourceTree = "<group>";
		};
/* End PBXGroup section */

/* Begin PBXNativeTarget section */
		3BB2E56F184435CA00A9F6F7 /* GameOfWar */ = {
			isa = PBXNativeTarget;
			buildConfigurationList = 3BB2E5AC184435CA00A9F6F7 /* Build configuration list for PBXNativeTarget "GameOfWar" */;
			buildPhases = (
				3BB2E56C184435CA00A9F6F7 /* Sources */,
				3BB2E56D184435CA00A9F6F7 /* Frameworks */,
				3BB2E56E184435CA00A9F6F7 /* Resources */,
			);
			buildRules = (
			);
			dependencies = (
			);
			name = GameOfWar;
			productName = GameOfWar;
			productReference = 3BB2E570184435CA00A9F6F7 /* GameOfWar.app */;
			productType = "com.apple.product-type.application";
		};
		3BB2E59A184435CA00A9F6F7 /* GameOfWarTests */ = {
			isa = PBXNativeTarget;
			buildConfigurationList = 3BB2E5AF184435CA00A9F6F7 /* Build configuration list for PBXNativeTarget "GameOfWarTests" */;
			buildPhases = (
				3BB2E597184435CA00A9F6F7 /* Sources */,
				3BB2E598184435CA00A9F6F7 /* Frameworks */,
				3BB2E599184435CA00A9F6F7 /* Resources */,
			);
			buildRules = (
			);
			dependencies = (
				3BB2E5A1184435CA00A9F6F7 /* PBXTargetDependency */,
			);
			name = GameOfWarTests;
			productName = GameOfWarTests;
			productReference = 3BB2E59B184435CA00A9F6F7 /* GameOfWarTests.xctest */;
			productType = "com.apple.product-type.bundle.unit-test";
		};
/* End PBXNativeTarget section */

/* Begin PBXProject section */
		3BB2E568184435CA00A9F6F7 /* Project object */ = {
			isa = PBXProject;
			attributes = {
				LastUpgradeCheck = 0500;
				ORGANIZATIONNAME = "Joe Bologna";
				TargetAttributes = {
					3BB2E59A184435CA00A9F6F7 = {
						TestTargetID = 3BB2E56F184435CA00A9F6F7;
					};
				};
			};
			buildConfigurationList = 3BB2E56B184435CA00A9F6F7 /* Build configuration list for PBXProject "GameOfWar" */;
			compatibilityVersion = "Xcode 3.2";
			developmentRegion = English;
			hasScannedForEncodings = 0;
			knownRegions = (
				en,
				Base,
			);
			mainGroup = 3BB2E567184435CA00A9F6F7;
			productRefGroup = 3BB2E571184435CA00A9F6F7 /* Products */;
			projectDirPath = "";
			projectRoot = "";
			targets = (
				3BB2E56F184435CA00A9F6F7 /* GameOfWar */,
				3BB2E59A184435CA00A9F6F7 /* GameOfWarTests */,
			);
		};
/* End PBXProject section */

/* Begin PBXResourcesBuildPhase section */
		3BB2E56E184435CA00A9F6F7 /* Resources */ = {
			isa = PBXResourcesBuildPhase;
			buildActionMask = 2147483647;
			files = (
				3BB2E58C184435CA00A9F6F7 /* Main_iPad.storyboard in Resources */,
				3B6537151845A6B5008AD9C4 /* Images.xcassets in Resources */,
				3BB2E5C6184437F200A9F6F7 /* CardImages.xcassets in Resources */,
				3BB2E589184435CA00A9F6F7 /* Main_iPhone.storyboard in Resources */,
				3BB2E580184435CA00A9F6F7 /* InfoPlist.strings in Resources */,
			);
			runOnlyForDeploymentPostprocessing = 0;
		};
		3BB2E599184435CA00A9F6F7 /* Resources */ = {
			isa = PBXResourcesBuildPhase;
			buildActionMask = 2147483647;
			files = (
				3BB2E5A7184435CA00A9F6F7 /* InfoPlist.strings in Resources */,
			);
			runOnlyForDeploymentPostprocessing = 0;
		};
/* End PBXResourcesBuildPhase section */

/* Begin PBXSourcesBuildPhase section */
		3BB2E56C184435CA00A9F6F7 /* Sources */ = {
			isa = PBXSourcesBuildPhase;
			buildActionMask = 2147483647;
			files = (
				3B2EF903184833C0000080E0 /* FSM+Util.m in Sources */,
				3B2EF904184833C0000080E0 /* FSM.m in Sources */,
				3BB2E5CB184437F200A9F6F7 /* CardTable.m in Sources */,
				3BB2E58F184435CA00A9F6F7 /* ViewController.m in Sources */,
				3BB2E5C8184437F200A9F6F7 /* Button.m in Sources */,
				3B2EF90A18483CE4000080E0 /* NewCardTable+Layout.m in Sources */,
				3BB2E5CF184437F200A9F6F7 /* Player.m in Sources */,
				3B2EF90718483A63000080E0 /* NewCardTable.m in Sources */,
				3BB2E586184435CA00A9F6F7 /* AppDelegate.m in Sources */,
				3BB2E5CE184437F200A9F6F7 /* GamePlay.m in Sources */,
				3BB2E5CD184437F200A9F6F7 /* DeckClass.m in Sources */,
				3BB2E5D0184437F200A9F6F7 /* SuitClass.m in Sources */,
				3BB2E5C9184437F200A9F6F7 /* CardClass.m in Sources */,
				3BB2E582184435CA00A9F6F7 /* main.m in Sources */,
				3BB2E5CC184437F200A9F6F7 /* CardTable+Layout.m in Sources */,
				3BB2E5CA184437F200A9F6F7 /* CardsClass.m in Sources */,
			);
			runOnlyForDeploymentPostprocessing = 0;
		};
		3BB2E597184435CA00A9F6F7 /* Sources */ = {
			isa = PBXSourcesBuildPhase;
			buildActionMask = 2147483647;
			files = (
				3BB2E5A9184435CA00A9F6F7 /* GameOfWarTests.m in Sources */,
			);
			runOnlyForDeploymentPostprocessing = 0;
		};
/* End PBXSourcesBuildPhase section */

/* Begin PBXTargetDependency section */
		3BB2E5A1184435CA00A9F6F7 /* PBXTargetDependency */ = {
			isa = PBXTargetDependency;
			target = 3BB2E56F184435CA00A9F6F7 /* GameOfWar */;
			targetProxy = 3BB2E5A0184435CA00A9F6F7 /* PBXContainerItemProxy */;
		};
/* End PBXTargetDependency section */

/* Begin PBXVariantGroup section */
		3BB2E57E184435CA00A9F6F7 /* InfoPlist.strings */ = {
			isa = PBXVariantGroup;
			children = (
				3BB2E57F184435CA00A9F6F7 /* en */,
			);
			name = InfoPlist.strings;
			sourceTree = "<group>";
		};
		3BB2E587184435CA00A9F6F7 /* Main_iPhone.storyboard */ = {
			isa = PBXVariantGroup;
			children = (
				3BB2E588184435CA00A9F6F7 /* Base */,
			);
			name = Main_iPhone.storyboard;
			sourceTree = "<group>";
		};
		3BB2E58A184435CA00A9F6F7 /* Main_iPad.storyboard */ = {
			isa = PBXVariantGroup;
			children = (
				3BB2E58B184435CA00A9F6F7 /* Base */,
			);
			name = Main_iPad.storyboard;
			sourceTree = "<group>";
		};
		3BB2E5A5184435CA00A9F6F7 /* InfoPlist.strings */ = {
			isa = PBXVariantGroup;
			children = (
				3BB2E5A6184435CA00A9F6F7 /* en */,
			);
			name = InfoPlist.strings;
			sourceTree = "<group>";
		};
/* End PBXVariantGroup section */

/* Begin XCBuildConfiguration section */
		3BB2E5AA184435CA00A9F6F7 /* Debug */ = {
			isa = XCBuildConfiguration;
			buildSettings = {
				ALWAYS_SEARCH_USER_PATHS = NO;
				ARCHS = "$(ARCHS_STANDARD_INCLUDING_64_BIT)";
				CLANG_CXX_LANGUAGE_STANDARD = "gnu++0x";
				CLANG_CXX_LIBRARY = "libc++";
				CLANG_ENABLE_MODULES = YES;
				CLANG_ENABLE_OBJC_ARC = YES;
				CLANG_WARN_BOOL_CONVERSION = YES;
				CLANG_WARN_CONSTANT_CONVERSION = YES;
				CLANG_WARN_DIRECT_OBJC_ISA_USAGE = YES_ERROR;
				CLANG_WARN_EMPTY_BODY = YES;
				CLANG_WARN_ENUM_CONVERSION = YES;
				CLANG_WARN_INT_CONVERSION = YES;
				CLANG_WARN_OBJC_ROOT_CLASS = YES_ERROR;
				CLANG_WARN__DUPLICATE_METHOD_MATCH = YES;
				"CODE_SIGN_IDENTITY[sdk=iphoneos*]" = "iPhone Developer";
				COPY_PHASE_STRIP = NO;
				GCC_C_LANGUAGE_STANDARD = gnu99;
				GCC_DYNAMIC_NO_PIC = NO;
				GCC_OPTIMIZATION_LEVEL = 0;
				GCC_PREPROCESSOR_DEFINITIONS = (
					"DEBUG=1",
					"$(inherited)",
				);
				GCC_SYMBOLS_PRIVATE_EXTERN = NO;
				GCC_WARN_64_TO_32_BIT_CONVERSION = YES;
				GCC_WARN_ABOUT_RETURN_TYPE = YES_ERROR;
				GCC_WARN_UNDECLARED_SELECTOR = YES;
				GCC_WARN_UNINITIALIZED_AUTOS = YES;
				GCC_WARN_UNUSED_FUNCTION = YES;
				GCC_WARN_UNUSED_VARIABLE = YES;
				IPHONEOS_DEPLOYMENT_TARGET = 7.0;
				ONLY_ACTIVE_ARCH = YES;
				SDKROOT = iphoneos;
				TARGETED_DEVICE_FAMILY = "1,2";
			};
			name = Debug;
		};
		3BB2E5AB184435CA00A9F6F7 /* Release */ = {
			isa = XCBuildConfiguration;
			buildSettings = {
				ALWAYS_SEARCH_USER_PATHS = NO;
				ARCHS = "$(ARCHS_STANDARD_INCLUDING_64_BIT)";
				CLANG_CXX_LANGUAGE_STANDARD = "gnu++0x";
				CLANG_CXX_LIBRARY = "libc++";
				CLANG_ENABLE_MODULES = YES;
				CLANG_ENABLE_OBJC_ARC = YES;
				CLANG_WARN_BOOL_CONVERSION = YES;
				CLANG_WARN_CONSTANT_CONVERSION = YES;
				CLANG_WARN_DIRECT_OBJC_ISA_USAGE = YES_ERROR;
				CLANG_WARN_EMPTY_BODY = YES;
				CLANG_WARN_ENUM_CONVERSION = YES;
				CLANG_WARN_INT_CONVERSION = YES;
				CLANG_WARN_OBJC_ROOT_CLASS = YES_ERROR;
				CLANG_WARN__DUPLICATE_METHOD_MATCH = YES;
				"CODE_SIGN_IDENTITY[sdk=iphoneos*]" = "iPhone Developer";
				COPY_PHASE_STRIP = YES;
				ENABLE_NS_ASSERTIONS = NO;
				GCC_C_LANGUAGE_STANDARD = gnu99;
				GCC_WARN_64_TO_32_BIT_CONVERSION = YES;
				GCC_WARN_ABOUT_RETURN_TYPE = YES_ERROR;
				GCC_WARN_UNDECLARED_SELECTOR = YES;
				GCC_WARN_UNINITIALIZED_AUTOS = YES;
				GCC_WARN_UNUSED_FUNCTION = YES;
				GCC_WARN_UNUSED_VARIABLE = YES;
				IPHONEOS_DEPLOYMENT_TARGET = 7.0;
				SDKROOT = iphoneos;
				TARGETED_DEVICE_FAMILY = "1,2";
				VALIDATE_PRODUCT = YES;
			};
			name = Release;
		};
		3BB2E5AD184435CA00A9F6F7 /* Debug */ = {
			isa = XCBuildConfiguration;
			buildSettings = {
				ASSETCATALOG_COMPILER_APPICON_NAME = AppIcon;
				ASSETCATALOG_COMPILER_LAUNCHIMAGE_NAME = LaunchImage;
				GCC_PRECOMPILE_PREFIX_HEADER = YES;
				GCC_PREFIX_HEADER = "GameOfWar/GameOfWar-Prefix.pch";
				INFOPLIST_FILE = "GameOfWar/GameOfWar-Info.plist";
				PRODUCT_NAME = "$(TARGET_NAME)";
				SPRITEKIT_TEXTURE_ATLAS_OUTPUT = YES;
				WRAPPER_EXTENSION = app;
			};
			name = Debug;
		};
		3BB2E5AE184435CA00A9F6F7 /* Release */ = {
			isa = XCBuildConfiguration;
			buildSettings = {
				ASSETCATALOG_COMPILER_APPICON_NAME = AppIcon;
				ASSETCATALOG_COMPILER_LAUNCHIMAGE_NAME = LaunchImage;
				GCC_PRECOMPILE_PREFIX_HEADER = YES;
				GCC_PREFIX_HEADER = "GameOfWar/GameOfWar-Prefix.pch";
				INFOPLIST_FILE = "GameOfWar/GameOfWar-Info.plist";
				PRODUCT_NAME = "$(TARGET_NAME)";
				SPRITEKIT_TEXTURE_ATLAS_OUTPUT = YES;
				WRAPPER_EXTENSION = app;
			};
			name = Release;
		};
		3BB2E5B0184435CA00A9F6F7 /* Debug */ = {
			isa = XCBuildConfiguration;
			buildSettings = {
				ARCHS = "$(ARCHS_STANDARD_INCLUDING_64_BIT)";
				BUNDLE_LOADER = "$(BUILT_PRODUCTS_DIR)/GameOfWar.app/GameOfWar";
				FRAMEWORK_SEARCH_PATHS = (
					"$(SDKROOT)/Developer/Library/Frameworks",
					"$(inherited)",
					"$(DEVELOPER_FRAMEWORKS_DIR)",
				);
				GCC_PRECOMPILE_PREFIX_HEADER = YES;
				GCC_PREFIX_HEADER = "GameOfWar/GameOfWar-Prefix.pch";
				GCC_PREPROCESSOR_DEFINITIONS = (
					"DEBUG=1",
					"$(inherited)",
				);
				INFOPLIST_FILE = "GameOfWarTests/GameOfWarTests-Info.plist";
				PRODUCT_NAME = "$(TARGET_NAME)";
				TEST_HOST = "$(BUNDLE_LOADER)";
				WRAPPER_EXTENSION = xctest;
			};
			name = Debug;
		};
		3BB2E5B1184435CA00A9F6F7 /* Release */ = {
			isa = XCBuildConfiguration;
			buildSettings = {
				ARCHS = "$(ARCHS_STANDARD_INCLUDING_64_BIT)";
				BUNDLE_LOADER = "$(BUILT_PRODUCTS_DIR)/GameOfWar.app/GameOfWar";
				FRAMEWORK_SEARCH_PATHS = (
					"$(SDKROOT)/Developer/Library/Frameworks",
					"$(inherited)",
					"$(DEVELOPER_FRAMEWORKS_DIR)",
				);
				GCC_PRECOMPILE_PREFIX_HEADER = YES;
				GCC_PREFIX_HEADER = "GameOfWar/GameOfWar-Prefix.pch";
				INFOPLIST_FILE = "GameOfWarTests/GameOfWarTests-Info.plist";
				PRODUCT_NAME = "$(TARGET_NAME)";
				TEST_HOST = "$(BUNDLE_LOADER)";
				WRAPPER_EXTENSION = xctest;
			};
			name = Release;
		};
/* End XCBuildConfiguration section */

/* Begin XCConfigurationList section */
		3BB2E56B184435CA00A9F6F7 /* Build configuration list for PBXProject "GameOfWar" */ = {
			isa = XCConfigurationList;
			buildConfigurations = (
				3BB2E5AA184435CA00A9F6F7 /* Debug */,
				3BB2E5AB184435CA00A9F6F7 /* Release */,
			);
			defaultConfigurationIsVisible = 0;
			defaultConfigurationName = Release;
		};
		3BB2E5AC184435CA00A9F6F7 /* Build configuration list for PBXNativeTarget "GameOfWar" */ = {
			isa = XCConfigurationList;
			buildConfigurations = (
				3BB2E5AD184435CA00A9F6F7 /* Debug */,
				3BB2E5AE184435CA00A9F6F7 /* Release */,
			);
			defaultConfigurationIsVisible = 0;
			defaultConfigurationName = Release;
		};
		3BB2E5AF184435CA00A9F6F7 /* Build configuration list for PBXNativeTarget "GameOfWarTests" */ = {
			isa = XCConfigurationList;
			buildConfigurations = (
				3BB2E5B0184435CA00A9F6F7 /* Debug */,
				3BB2E5B1184435CA00A9F6F7 /* Release */,
			);
			defaultConfigurationIsVisible = 0;
			defaultConfigurationName = Release;
		};
/* End XCConfigurationList section */
	};
	rootObject = 3BB2E568184435CA00A9F6F7 /* Project object */;
}
